
Microsoft Visual Studio Solution File, Format Version 12.00
# Visual Studio 14
VisualStudioVersion = 14.0.25420.1
MinimumVisualStudioVersion = 10.0.40219.1
Project("{FAE04EC0-301F-11D3-BF4B-00C04F79EFBC}") = "ClientAdmin", "Admin\ClientAdmin.csproj", "{B243660B-33C2-4AB9-8675-CE3E3163B417}"
EndProject
Project("{F184B08F-C81C-45F6-A57F-5ABD9991F28F}") = "RobTest", "RobTest.vbproj", "{D949F964-F9C8-429E-89B3-E42B85AE8955}"
EndProject
Global
	GlobalSection(SolutionConfigurationPlatforms) = preSolution
		Debug|Any CPU = Debug|Any CPU
		Release|Any CPU = Release|Any CPU
	EndGlobalSection
	GlobalSection(ProjectConfigurationPlatforms) = postSolution
		{B243660B-33C2-4AB9-8675-CE3E3163B417}.Debug|Any CPU.ActiveCfg = Debug|Any CPU
		{B243660B-33C2-4AB9-8675-CE3E3163B417}.Debug|Any CPU.Build.0 = Debug|Any CPU
		{B243660B-33C2-4AB9-8675-CE3E3163B417}.Release|Any CPU.ActiveCfg = Release|Any CPU
		{B243660B-33C2-4AB9-8675-CE3E3163B417}.Release|Any CPU.Build.0 = Release|Any CPU
		{D949F964-F9C8-429E-89B3-E42B85AE8955}.Debug|Any CPU.ActiveCfg = Debug|Any CPU
		{D949F964-F9C8-429E-89B3-E42B85AE8955}.Debug|Any CPU.Build.0 = Debug|Any CPU
		{D949F964-F9C8-429E-89B3-E42B85AE8955}.Release|Any CPU.ActiveCfg = Release|Any CPU
		{D949F964-F9C8-429E-89B3-E42B85AE8955}.Release|Any CPU.Build.0 = Release|Any CPU
	EndGlobalSection
	GlobalSection(SolutionProperties) = preSolution
		HideSolutionNode = FALSE
	EndGlobalSection
EndGlobal
